
Microsoft Visual Studio Solution File, Format Version 12.00
# Visual Studio Version 16
VisualStudioVersion = 16.0.29613.14
MinimumVisualStudioVersion = 10.0.40219.1
Project("{9A19103F-16F7-4668-BE54-9A1E7A4F7556}") = "MovieSolution", "MovieSolution\MovieSolution.csproj", "{430D738B-6F2E-4B37-B005-4B32366DFE66}"
EndProject
Project("{FAE04EC0-301F-11D3-BF4B-00C04F79EFBC}") = "TestTelegramConsumer", "TestTelegramConsumer\TestTelegramConsumer.csproj", "{2AB83466-EB6A-4E44-929B-21C15BA16FFA}"
EndProject
Project("{FAE04EC0-301F-11D3-BF4B-00C04F79EFBC}") = "TelegramConsumer", "TelegramConsumer\TelegramConsumer.csproj", "{F440DDBA-2957-4C66-8620-EE9546E13E4A}"
EndProject
Global
	GlobalSection(SolutionConfigurationPlatforms) = preSolution
		Debug|Any CPU = Debug|Any CPU
		Release|Any CPU = Release|Any CPU
	EndGlobalSection
	GlobalSection(ProjectConfigurationPlatforms) = postSolution
		{430D738B-6F2E-4B37-B005-4B32366DFE66}.Debug|Any CPU.ActiveCfg = Debug|Any CPU
		{430D738B-6F2E-4B37-B005-4B32366DFE66}.Debug|Any CPU.Build.0 = Debug|Any CPU
		{430D738B-6F2E-4B37-B005-4B32366DFE66}.Release|Any CPU.ActiveCfg = Release|Any CPU
		{430D738B-6F2E-4B37-B005-4B32366DFE66}.Release|Any CPU.Build.0 = Release|Any CPU
		{2AB83466-EB6A-4E44-929B-21C15BA16FFA}.Debug|Any CPU.ActiveCfg = Debug|Any CPU
		{2AB83466-EB6A-4E44-929B-21C15BA16FFA}.Debug|Any CPU.Build.0 = Debug|Any CPU
		{2AB83466-EB6A-4E44-929B-21C15BA16FFA}.Release|Any CPU.ActiveCfg = Release|Any CPU
		{2AB83466-EB6A-4E44-929B-21C15BA16FFA}.Release|Any CPU.Build.0 = Release|Any CPU
		{F440DDBA-2957-4C66-8620-EE9546E13E4A}.Debug|Any CPU.ActiveCfg = Debug|Any CPU
		{F440DDBA-2957-4C66-8620-EE9546E13E4A}.Debug|Any CPU.Build.0 = Debug|Any CPU
		{F440DDBA-2957-4C66-8620-EE9546E13E4A}.Release|Any CPU.ActiveCfg = Release|Any CPU
		{F440DDBA-2957-4C66-8620-EE9546E13E4A}.Release|Any CPU.Build.0 = Release|Any CPU
	EndGlobalSection
	GlobalSection(SolutionProperties) = preSolution
		HideSolutionNode = FALSE
	EndGlobalSection
	GlobalSection(ExtensibilityGlobals) = postSolution
		SolutionGuid = {424A7DF8-16D0-4E06-A4B1-26D13DDCB87A}
	EndGlobalSection
EndGlobal
